{
  "name": "2024-p4a-web-ownnextcms-CernyDavid",
  "lockfileVersion": 3,
  "requires": true,
  "packages": {
    "": {
      "dependencies": {
        "@auth/prisma-adapter": "^2.7.4",
        "bcryptjs": "^2.4.3"
      },
      "devDependencies": {
        "@types/bcryptjs": "^2.4.6"
      }
    },
    "node_modules/@auth/core": {
      "version": "0.37.4",
      "resolved": "https://registry.npmjs.org/@auth/core/-/core-0.37.4.tgz",
      "integrity": "sha512-HOXJwXWXQRhbBDHlMU0K/6FT1v+wjtzdKhsNg0ZN7/gne6XPsIrjZ4daMcFnbq0Z/vsAbYBinQhhua0d77v7qw==",
      "license": "ISC",
      "dependencies": {
        "@panva/hkdf": "^1.2.1",
        "jose": "^5.9.6",
        "oauth4webapi": "^3.1.1",
        "preact": "10.24.3",
        "preact-render-to-string": "6.5.11"
      },
      "peerDependencies": {
        "@simplewebauthn/browser": "^9.0.1",
        "@simplewebauthn/server": "^9.0.2",
        "nodemailer": "^6.8.0"
      },
      "peerDependenciesMeta": {
        "@simplewebauthn/browser": {
          "optional": true
        },
        "@simplewebauthn/server": {
          "optional": true
        },
        "nodemailer": {
          "optional": true
        }
      }
    },
    "node_modules/@auth/prisma-adapter": {
      "version": "2.7.4",
      "resolved": "https://registry.npmjs.org/@auth/prisma-adapter/-/prisma-adapter-2.7.4.tgz",
      "integrity": "sha512-3T/X94R9J1sxOLQtsD3ijIZ0JGHPXlZQxRr/8NpnZBJ3KGxun/mNsZ1MwMRhTxy0mmn9JWXk7u9+xCcVn0pu3A==",
      "license": "ISC",
      "dependencies": {
        "@auth/core": "0.37.4"
      },
      "peerDependencies": {
        "@prisma/client": ">=2.26.0 || >=3 || >=4 || >=5"
      }
    },
    "node_modules/@panva/hkdf": {
      "version": "1.2.1",
      "resolved": "https://registry.npmjs.org/@panva/hkdf/-/hkdf-1.2.1.tgz",
      "integrity": "sha512-6oclG6Y3PiDFcoyk8srjLfVKyMfVCKJ27JwNPViuXziFpmdz+MZnZN/aKY0JGXgYuO/VghU0jcOAZgWXZ1Dmrw==",
      "license": "MIT",
      "funding": {
        "url": "https://github.com/sponsors/panva"
      }
    },
    "node_modules/@prisma/client": {
      "version": "6.3.0",
      "resolved": "https://registry.npmjs.org/@prisma/client/-/client-6.3.0.tgz",
      "integrity": "sha512-BY3Fi28PUSk447Bpv22LhZp4HgNPo7NsEN+EteM1CLDnLjig5863jpW+3c3HHLFmml+nB/eJv1CjSriFZ8z7Cg==",
      "hasInstallScript": true,
      "license": "Apache-2.0",
      "peer": true,
      "engines": {
        "node": ">=18.18"
      },
      "peerDependencies": {
        "prisma": "*",
        "typescript": ">=5.1.0"
      },
      "peerDependenciesMeta": {
        "prisma": {
          "optional": true
        },
        "typescript": {
          "optional": true
        }
      }
    },
    "node_modules/@types/bcryptjs": {
      "version": "2.4.6",
      "resolved": "https://registry.npmjs.org/@types/bcryptjs/-/bcryptjs-2.4.6.tgz",
      "integrity": "sha512-9xlo6R2qDs5uixm0bcIqCeMCE6HiQsIyel9KQySStiyqNl2tnj2mP3DX1Nf56MD6KMenNNlBBsy3LJ7gUEQPXQ==",
      "dev": true,
      "license": "MIT"
    },
    "node_modules/bcryptjs": {
      "version": "2.4.3",
      "resolved": "https://registry.npmjs.org/bcryptjs/-/bcryptjs-2.4.3.tgz",
      "integrity": "sha512-V/Hy/X9Vt7f3BbPJEi8BdVFMByHi+jNXrYkW3huaybV/kQ0KJg0Y6PkEMbn+zeT+i+SiKZ/HMqJGIIt4LZDqNQ==",
      "license": "MIT"
    },
    "node_modules/jose": {
      "version": "5.9.6",
      "resolved": "https://registry.npmjs.org/jose/-/jose-5.9.6.tgz",
      "integrity": "sha512-AMlnetc9+CV9asI19zHmrgS/WYsWUwCn2R7RzlbJWD7F9eWYUTGyBmU9o6PxngtLGOiDGPRu+Uc4fhKzbpteZQ==",
      "license": "MIT",
      "funding": {
        "url": "https://github.com/sponsors/panva"
      }
    },
    "node_modules/oauth4webapi": {
      "version": "3.1.4",
      "resolved": "https://registry.npmjs.org/oauth4webapi/-/oauth4webapi-3.1.4.tgz",
      "integrity": "sha512-eVfN3nZNbok2s/ROifO0UAc5G8nRoLSbrcKJ09OqmucgnhXEfdIQOR4gq1eJH1rN3gV7rNw62bDEgftsgFtBEg==",
      "license": "MIT",
      "funding": {
        "url": "https://github.com/sponsors/panva"
      }
    },
    "node_modules/preact": {
      "version": "10.24.3",
      "resolved": "https://registry.npmjs.org/preact/-/preact-10.24.3.tgz",
      "integrity": "sha512-Z2dPnBnMUfyQfSQ+GBdsGa16hz35YmLmtTLhM169uW944hYL6xzTYkJjC07j+Wosz733pMWx0fgON3JNw1jJQA==",
      "license": "MIT",
      "funding": {
        "type": "opencollective",
        "url": "https://opencollective.com/preact"
      }
    },
    "node_modules/preact-render-to-string": {
      "version": "6.5.11",
      "resolved": "https://registry.npmjs.org/preact-render-to-string/-/preact-render-to-string-6.5.11.tgz",
      "integrity": "sha512-ubnauqoGczeGISiOh6RjX0/cdaF8v/oDXIjO85XALCQjwQP+SB4RDXXtvZ6yTYSjG+PC1QRP2AhPgCEsM2EvUw==",
      "license": "MIT",
      "peerDependencies": {
        "preact": ">=10"
      }
    }
  }
}
